// !$*UTF8*$!
{
	archiveVersion = 1;
	classes = {
	};
	objectVersion = 56;
	objects = {

/* Begin PBXBuildFile section */
		496825FE293E3E4E0052EC3D /* FilterCollectionViewDelegate.swift in Sources */ = {isa = PBXBuildFile; fileRef = 496825FD293E3E4E0052EC3D /* FilterCollectionViewDelegate.swift */; };
		4F1325A9293E1388006E5800 /* CardCollectionViewDelegate.swift in Sources */ = {isa = PBXBuildFile; fileRef = 4F1325A8293E1388006E5800 /* CardCollectionViewDelegate.swift */; };
		4F1325AC293E13BD006E5800 /* DetailViewDelegate.swift in Sources */ = {isa = PBXBuildFile; fileRef = 4F1325AB293E13BD006E5800 /* DetailViewDelegate.swift */; };
		4F39C82C292CFF8200DDD8AE /* AppDelegate.swift in Sources */ = {isa = PBXBuildFile; fileRef = 4F39C82B292CFF8200DDD8AE /* AppDelegate.swift */; };
		4F39C82E292CFF8200DDD8AE /* SceneDelegate.swift in Sources */ = {isa = PBXBuildFile; fileRef = 4F39C82D292CFF8200DDD8AE /* SceneDelegate.swift */; };
		4F39C830292CFF8200DDD8AE /* MainScreenViewController.swift in Sources */ = {isa = PBXBuildFile; fileRef = 4F39C82F292CFF8200DDD8AE /* MainScreenViewController.swift */; };
		4F39C833292CFF8200DDD8AE /* Main.storyboard in Resources */ = {isa = PBXBuildFile; fileRef = 4F39C831292CFF8200DDD8AE /* Main.storyboard */; };
		4F39C836292CFF8200DDD8AE /* UXperience.xcdatamodeld in Sources */ = {isa = PBXBuildFile; fileRef = 4F39C834292CFF8200DDD8AE /* UXperience.xcdatamodeld */; };
		4F39C838292CFF8300DDD8AE /* Assets.xcassets in Resources */ = {isa = PBXBuildFile; fileRef = 4F39C837292CFF8300DDD8AE /* Assets.xcassets */; };
		4F39C83B292CFF8300DDD8AE /* LaunchScreen.storyboard in Resources */ = {isa = PBXBuildFile; fileRef = 4F39C839292CFF8300DDD8AE /* LaunchScreen.storyboard */; };
		4F39C846292CFF8300DDD8AE /* UXperienceTests.swift in Sources */ = {isa = PBXBuildFile; fileRef = 4F39C845292CFF8300DDD8AE /* UXperienceTests.swift */; };
		4F39C850292CFF8300DDD8AE /* UXperienceUITests.swift in Sources */ = {isa = PBXBuildFile; fileRef = 4F39C84F292CFF8300DDD8AE /* UXperienceUITests.swift */; };
		4F39C852292CFF8300DDD8AE /* UXperienceUITestsLaunchTests.swift in Sources */ = {isa = PBXBuildFile; fileRef = 4F39C851292CFF8300DDD8AE /* UXperienceUITestsLaunchTests.swift */; };
		4F57837C2934DC6600F01DDA /* cardFlipSound.mp3 in Resources */ = {isa = PBXBuildFile; fileRef = 4F57837B2934DC6600F01DDA /* cardFlipSound.mp3 */; };
		4F7A21A0292E3F2300000F05 /* FilterController.swift in Sources */ = {isa = PBXBuildFile; fileRef = 4F7A219F292E3F2300000F05 /* FilterController.swift */; };
		4F7A21A8292E53B400000F05 /* CardCollectionViewController.swift in Sources */ = {isa = PBXBuildFile; fileRef = 4F7A21A7292E53B400000F05 /* CardCollectionViewController.swift */; };
		4F7A21AB292E596200000F05 /* FilterCollectionViewCell.swift in Sources */ = {isa = PBXBuildFile; fileRef = 4F7A21A9292E596200000F05 /* FilterCollectionViewCell.swift */; };
		4F7A21AC292E596200000F05 /* FilterCollectionViewCell.xib in Resources */ = {isa = PBXBuildFile; fileRef = 4F7A21AA292E596200000F05 /* FilterCollectionViewCell.xib */; };
		4F7A21AE292E5B5600000F05 /* MainScreenViewController+ViewCode.swift in Sources */ = {isa = PBXBuildFile; fileRef = 4F7A21AD292E5B5600000F05 /* MainScreenViewController+ViewCode.swift */; };
		4F7A21B4292E5D9500000F05 /* DetailViewModel.swift in Sources */ = {isa = PBXBuildFile; fileRef = 4F7A21B3292E5D9500000F05 /* DetailViewModel.swift */; };
		4F7DC7022930DF29005A8184 /* SwiftUIView.swift in Sources */ = {isa = PBXBuildFile; fileRef = 4F7DC7012930DF29005A8184 /* SwiftUIView.swift */; };
		4F7DC70429310BAF005A8184 /* SoundManager.swift in Sources */ = {isa = PBXBuildFile; fileRef = 4F7DC70329310BAF005A8184 /* SoundManager.swift */; };
		4FBC3644292F92FD007044F9 /* DetailViewController.swift in Sources */ = {isa = PBXBuildFile; fileRef = 4FBC3643292F92FD007044F9 /* DetailViewController.swift */; };
		4FBC3646292F932C007044F9 /* DetailView.swift in Sources */ = {isa = PBXBuildFile; fileRef = 4FBC3645292F932C007044F9 /* DetailView.swift */; };
		4FBC3649292FA6AA007044F9 /* NewsCellTableViewCell.swift in Sources */ = {isa = PBXBuildFile; fileRef = 4FBC3647292FA6AA007044F9 /* NewsCellTableViewCell.swift */; };
		4FBC364A292FA6AA007044F9 /* NewsCellTableViewCell.xib in Resources */ = {isa = PBXBuildFile; fileRef = 4FBC3648292FA6AA007044F9 /* NewsCellTableViewCell.xib */; };
		A16F663E2934DEEA001D2796 /* LawsModel.swift in Sources */ = {isa = PBXBuildFile; fileRef = A16F663D2934DEEA001D2796 /* LawsModel.swift */; };
		A16F66402934DF6F001D2796 /* laws.json in Resources */ = {isa = PBXBuildFile; fileRef = A16F663F2934DF6F001D2796 /* laws.json */; };
		D12241D429378ED200A59DCC /* ReadJsonLaws.swift in Sources */ = {isa = PBXBuildFile; fileRef = D12241D329378ED200A59DCC /* ReadJsonLaws.swift */; };
		D19DE0482930DF490090324B /* CardCollectionViewCell.swift in Sources */ = {isa = PBXBuildFile; fileRef = D19DE0462930DF490090324B /* CardCollectionViewCell.swift */; };
		D19DE0492930DF490090324B /* CardCollectionViewCell.xib in Resources */ = {isa = PBXBuildFile; fileRef = D19DE0472930DF490090324B /* CardCollectionViewCell.xib */; };
/* End PBXBuildFile section */

/* Begin PBXContainerItemProxy section */
		4F39C842292CFF8300DDD8AE /* PBXContainerItemProxy */ = {
			isa = PBXContainerItemProxy;
			containerPortal = 4F39C820292CFF8200DDD8AE /* Project object */;
			proxyType = 1;
			remoteGlobalIDString = 4F39C827292CFF8200DDD8AE;
			remoteInfo = UXperience;
		};
		4F39C84C292CFF8300DDD8AE /* PBXContainerItemProxy */ = {
			isa = PBXContainerItemProxy;
			containerPortal = 4F39C820292CFF8200DDD8AE /* Project object */;
			proxyType = 1;
			remoteGlobalIDString = 4F39C827292CFF8200DDD8AE;
			remoteInfo = UXperience;
		};
/* End PBXContainerItemProxy section */

/* Begin PBXFileReference section */
		496825FD293E3E4E0052EC3D /* FilterCollectionViewDelegate.swift */ = {isa = PBXFileReference; lastKnownFileType = sourcecode.swift; path = FilterCollectionViewDelegate.swift; sourceTree = "<group>"; };
		4F1325A8293E1388006E5800 /* CardCollectionViewDelegate.swift */ = {isa = PBXFileReference; lastKnownFileType = sourcecode.swift; path = CardCollectionViewDelegate.swift; sourceTree = "<group>"; };
		4F1325AB293E13BD006E5800 /* DetailViewDelegate.swift */ = {isa = PBXFileReference; lastKnownFileType = sourcecode.swift; path = DetailViewDelegate.swift; sourceTree = "<group>"; };
		4F39C828292CFF8200DDD8AE /* UXperience.app */ = {isa = PBXFileReference; explicitFileType = wrapper.application; includeInIndex = 0; path = UXperience.app; sourceTree = BUILT_PRODUCTS_DIR; };
		4F39C82B292CFF8200DDD8AE /* AppDelegate.swift */ = {isa = PBXFileReference; lastKnownFileType = sourcecode.swift; path = AppDelegate.swift; sourceTree = "<group>"; };
		4F39C82D292CFF8200DDD8AE /* SceneDelegate.swift */ = {isa = PBXFileReference; lastKnownFileType = sourcecode.swift; path = SceneDelegate.swift; sourceTree = "<group>"; };
		4F39C82F292CFF8200DDD8AE /* MainScreenViewController.swift */ = {isa = PBXFileReference; lastKnownFileType = sourcecode.swift; path = MainScreenViewController.swift; sourceTree = "<group>"; };
		4F39C832292CFF8200DDD8AE /* Base */ = {isa = PBXFileReference; lastKnownFileType = file.storyboard; name = Base; path = Base.lproj/Main.storyboard; sourceTree = "<group>"; };
		4F39C835292CFF8200DDD8AE /* UXperience.xcdatamodel */ = {isa = PBXFileReference; lastKnownFileType = wrapper.xcdatamodel; path = UXperience.xcdatamodel; sourceTree = "<group>"; };
		4F39C837292CFF8300DDD8AE /* Assets.xcassets */ = {isa = PBXFileReference; lastKnownFileType = folder.assetcatalog; path = Assets.xcassets; sourceTree = "<group>"; };
		4F39C83A292CFF8300DDD8AE /* Base */ = {isa = PBXFileReference; lastKnownFileType = file.storyboard; name = Base; path = Base.lproj/LaunchScreen.storyboard; sourceTree = "<group>"; };
		4F39C83C292CFF8300DDD8AE /* Info.plist */ = {isa = PBXFileReference; lastKnownFileType = text.plist.xml; path = Info.plist; sourceTree = "<group>"; };
		4F39C841292CFF8300DDD8AE /* UXperienceTests.xctest */ = {isa = PBXFileReference; explicitFileType = wrapper.cfbundle; includeInIndex = 0; path = UXperienceTests.xctest; sourceTree = BUILT_PRODUCTS_DIR; };
		4F39C845292CFF8300DDD8AE /* UXperienceTests.swift */ = {isa = PBXFileReference; lastKnownFileType = sourcecode.swift; path = UXperienceTests.swift; sourceTree = "<group>"; };
		4F39C84B292CFF8300DDD8AE /* UXperienceUITests.xctest */ = {isa = PBXFileReference; explicitFileType = wrapper.cfbundle; includeInIndex = 0; path = UXperienceUITests.xctest; sourceTree = BUILT_PRODUCTS_DIR; };
		4F39C84F292CFF8300DDD8AE /* UXperienceUITests.swift */ = {isa = PBXFileReference; lastKnownFileType = sourcecode.swift; path = UXperienceUITests.swift; sourceTree = "<group>"; };
		4F39C851292CFF8300DDD8AE /* UXperienceUITestsLaunchTests.swift */ = {isa = PBXFileReference; lastKnownFileType = sourcecode.swift; path = UXperienceUITestsLaunchTests.swift; sourceTree = "<group>"; };
		4F57837B2934DC6600F01DDA /* cardFlipSound.mp3 */ = {isa = PBXFileReference; lastKnownFileType = audio.mp3; path = cardFlipSound.mp3; sourceTree = "<group>"; };
		4F7A219F292E3F2300000F05 /* FilterController.swift */ = {isa = PBXFileReference; lastKnownFileType = sourcecode.swift; path = FilterController.swift; sourceTree = "<group>"; };
		4F7A21A7292E53B400000F05 /* CardCollectionViewController.swift */ = {isa = PBXFileReference; lastKnownFileType = sourcecode.swift; path = CardCollectionViewController.swift; sourceTree = "<group>"; };
		4F7A21A9292E596200000F05 /* FilterCollectionViewCell.swift */ = {isa = PBXFileReference; lastKnownFileType = sourcecode.swift; path = FilterCollectionViewCell.swift; sourceTree = "<group>"; };
		4F7A21AA292E596200000F05 /* FilterCollectionViewCell.xib */ = {isa = PBXFileReference; lastKnownFileType = file.xib; path = FilterCollectionViewCell.xib; sourceTree = "<group>"; };
		4F7A21AD292E5B5600000F05 /* MainScreenViewController+ViewCode.swift */ = {isa = PBXFileReference; lastKnownFileType = sourcecode.swift; path = "MainScreenViewController+ViewCode.swift"; sourceTree = "<group>"; };
		4F7A21B3292E5D9500000F05 /* DetailViewModel.swift */ = {isa = PBXFileReference; lastKnownFileType = sourcecode.swift; path = DetailViewModel.swift; sourceTree = "<group>"; };
		4F7DC7012930DF29005A8184 /* SwiftUIView.swift */ = {isa = PBXFileReference; lastKnownFileType = sourcecode.swift; path = SwiftUIView.swift; sourceTree = "<group>"; };
		4F7DC70329310BAF005A8184 /* SoundManager.swift */ = {isa = PBXFileReference; lastKnownFileType = sourcecode.swift; path = SoundManager.swift; sourceTree = "<group>"; };
		4FBC3643292F92FD007044F9 /* DetailViewController.swift */ = {isa = PBXFileReference; lastKnownFileType = sourcecode.swift; path = DetailViewController.swift; sourceTree = "<group>"; };
		4FBC3645292F932C007044F9 /* DetailView.swift */ = {isa = PBXFileReference; lastKnownFileType = sourcecode.swift; path = DetailView.swift; sourceTree = "<group>"; };
		4FBC3647292FA6AA007044F9 /* NewsCellTableViewCell.swift */ = {isa = PBXFileReference; lastKnownFileType = sourcecode.swift; path = NewsCellTableViewCell.swift; sourceTree = "<group>"; };
		4FBC3648292FA6AA007044F9 /* NewsCellTableViewCell.xib */ = {isa = PBXFileReference; lastKnownFileType = file.xib; path = NewsCellTableViewCell.xib; sourceTree = "<group>"; };
		A16F663D2934DEEA001D2796 /* LawsModel.swift */ = {isa = PBXFileReference; lastKnownFileType = sourcecode.swift; path = LawsModel.swift; sourceTree = "<group>"; };
		A16F663F2934DF6F001D2796 /* laws.json */ = {isa = PBXFileReference; fileEncoding = 4; lastKnownFileType = text.json; path = laws.json; sourceTree = "<group>"; };
		D12241D329378ED200A59DCC /* ReadJsonLaws.swift */ = {isa = PBXFileReference; fileEncoding = 4; lastKnownFileType = sourcecode.swift; path = ReadJsonLaws.swift; sourceTree = "<group>"; };
		D19DE0462930DF490090324B /* CardCollectionViewCell.swift */ = {isa = PBXFileReference; lastKnownFileType = sourcecode.swift; path = CardCollectionViewCell.swift; sourceTree = "<group>"; };
		D19DE0472930DF490090324B /* CardCollectionViewCell.xib */ = {isa = PBXFileReference; lastKnownFileType = file.xib; path = CardCollectionViewCell.xib; sourceTree = "<group>"; };
/* End PBXFileReference section */

/* Begin PBXFrameworksBuildPhase section */
		4F39C825292CFF8200DDD8AE /* Frameworks */ = {
			isa = PBXFrameworksBuildPhase;
			buildActionMask = 2147483647;
			files = (
			);
			runOnlyForDeploymentPostprocessing = 0;
		};
		4F39C83E292CFF8300DDD8AE /* Frameworks */ = {
			isa = PBXFrameworksBuildPhase;
			buildActionMask = 2147483647;
			files = (
			);
			runOnlyForDeploymentPostprocessing = 0;
		};
		4F39C848292CFF8300DDD8AE /* Frameworks */ = {
			isa = PBXFrameworksBuildPhase;
			buildActionMask = 2147483647;
			files = (
			);
			runOnlyForDeploymentPostprocessing = 0;
		};
/* End PBXFrameworksBuildPhase section */

/* Begin PBXGroup section */
		4F39C81F292CFF8200DDD8AE = {
			isa = PBXGroup;
			children = (
				4F39C82A292CFF8200DDD8AE /* UXperience */,
				4F39C844292CFF8300DDD8AE /* UXperienceTests */,
				4F39C84E292CFF8300DDD8AE /* UXperienceUITests */,
				4F39C829292CFF8200DDD8AE /* Products */,
			);
			sourceTree = "<group>";
		};
		4F39C829292CFF8200DDD8AE /* Products */ = {
			isa = PBXGroup;
			children = (
				4F39C828292CFF8200DDD8AE /* UXperience.app */,
				4F39C841292CFF8300DDD8AE /* UXperienceTests.xctest */,
				4F39C84B292CFF8300DDD8AE /* UXperienceUITests.xctest */,
			);
			name = Products;
			sourceTree = "<group>";
		};
		4F39C82A292CFF8200DDD8AE /* UXperience */ = {
			isa = PBXGroup;
			children = (
				4FC7BC312936520300E7C108 /* Protocol */,
				4F7A21AF292E5D7000000F05 /* Service */,
				4F7A2199292E3AE800000F05 /* Others */,
				4F7A219A292E3AF500000F05 /* Controller */,
				4F7A219B292E3AFE00000F05 /* View */,
				4F7A219C292E3B1400000F05 /* ViewModel */,
				4F39C837292CFF8300DDD8AE /* Assets.xcassets */,
				4F39C839292CFF8300DDD8AE /* LaunchScreen.storyboard */,
				4F39C83C292CFF8300DDD8AE /* Info.plist */,
				4F39C834292CFF8200DDD8AE /* UXperience.xcdatamodeld */,
			);
			path = UXperience;
			sourceTree = "<group>";
		};
		4F39C844292CFF8300DDD8AE /* UXperienceTests */ = {
			isa = PBXGroup;
			children = (
				4F39C845292CFF8300DDD8AE /* UXperienceTests.swift */,
			);
			path = UXperienceTests;
			sourceTree = "<group>";
		};
		4F39C84E292CFF8300DDD8AE /* UXperienceUITests */ = {
			isa = PBXGroup;
			children = (
				4F39C84F292CFF8300DDD8AE /* UXperienceUITests.swift */,
				4F39C851292CFF8300DDD8AE /* UXperienceUITestsLaunchTests.swift */,
			);
			path = UXperienceUITests;
			sourceTree = "<group>";
		};
		4F7A2199292E3AE800000F05 /* Others */ = {
			isa = PBXGroup;
			children = (
				4F39C82B292CFF8200DDD8AE /* AppDelegate.swift */,
				4F39C82D292CFF8200DDD8AE /* SceneDelegate.swift */,
			);
			path = Others;
			sourceTree = "<group>";
		};
		4F7A219A292E3AF500000F05 /* Controller */ = {
			isa = PBXGroup;
			children = (
				4F39C82F292CFF8200DDD8AE /* MainScreenViewController.swift */,
				4F7A219F292E3F2300000F05 /* FilterController.swift */,
				4F7A21A7292E53B400000F05 /* CardCollectionViewController.swift */,
				4FBC3643292F92FD007044F9 /* DetailViewController.swift */,
				4FBC3645292F932C007044F9 /* DetailView.swift */,
			);
			path = Controller;
			sourceTree = "<group>";
		};
		4F7A219B292E3AFE00000F05 /* View */ = {
			isa = PBXGroup;
			children = (
				4F39C831292CFF8200DDD8AE /* Main.storyboard */,
				4F7A21A9292E596200000F05 /* FilterCollectionViewCell.swift */,
				4F7A21AA292E596200000F05 /* FilterCollectionViewCell.xib */,
				4F7A21AD292E5B5600000F05 /* MainScreenViewController+ViewCode.swift */,
				D19DE0462930DF490090324B /* CardCollectionViewCell.swift */,
				D19DE0472930DF490090324B /* CardCollectionViewCell.xib */,
				4FBC3647292FA6AA007044F9 /* NewsCellTableViewCell.swift */,
				4FBC3648292FA6AA007044F9 /* NewsCellTableViewCell.xib */,
				4F7DC7012930DF29005A8184 /* SwiftUIView.swift */,
			);
			path = View;
			sourceTree = "<group>";
		};
		4F7A219C292E3B1400000F05 /* ViewModel */ = {
			isa = PBXGroup;
			children = (
				A16F663C2934DECB001D2796 /* Model */,
				4F7A21B3292E5D9500000F05 /* DetailViewModel.swift */,
			);
			path = ViewModel;
			sourceTree = "<group>";
		};
		4F7A21AF292E5D7000000F05 /* Service */ = {
			isa = PBXGroup;
			children = (
				D12241D329378ED200A59DCC /* ReadJsonLaws.swift */,
				4F7DC70329310BAF005A8184 /* SoundManager.swift */,
				4F7DC70529310D4F005A8184 /* Sounds */,
			);
			path = Service;
			sourceTree = "<group>";
		};
		4F7DC70529310D4F005A8184 /* Sounds */ = {
			isa = PBXGroup;
			children = (
				4F57837B2934DC6600F01DDA /* cardFlipSound.mp3 */,
			);
			path = Sounds;
			sourceTree = "<group>";
		};
		4FC7BC312936520300E7C108 /* Protocol */ = {
			isa = PBXGroup;
			children = (
				4F1325A8293E1388006E5800 /* CardCollectionViewDelegate.swift */,
				4F1325AB293E13BD006E5800 /* DetailViewDelegate.swift */,
				496825FD293E3E4E0052EC3D /* FilterCollectionViewDelegate.swift */,
			);
			path = Protocol;
			sourceTree = "<group>";
		};
		A16F663C2934DECB001D2796 /* Model */ = {
			isa = PBXGroup;
			children = (
				A16F663F2934DF6F001D2796 /* laws.json */,
				A16F663D2934DEEA001D2796 /* LawsModel.swift */,
			);
			path = Model;
			sourceTree = "<group>";
		};
/* End PBXGroup section */

/* Begin PBXNativeTarget section */
		4F39C827292CFF8200DDD8AE /* UXperience */ = {
			isa = PBXNativeTarget;
			buildConfigurationList = 4F39C855292CFF8300DDD8AE /* Build configuration list for PBXNativeTarget "UXperience" */;
			buildPhases = (
				4F39C824292CFF8200DDD8AE /* Sources */,
				4F39C825292CFF8200DDD8AE /* Frameworks */,
				4F39C826292CFF8200DDD8AE /* Resources */,
			);
			buildRules = (
			);
			dependencies = (
			);
			name = UXperience;
			productName = UXperience;
			productReference = 4F39C828292CFF8200DDD8AE /* UXperience.app */;
			productType = "com.apple.product-type.application";
		};
		4F39C840292CFF8300DDD8AE /* UXperienceTests */ = {
			isa = PBXNativeTarget;
			buildConfigurationList = 4F39C858292CFF8300DDD8AE /* Build configuration list for PBXNativeTarget "UXperienceTests" */;
			buildPhases = (
				4F39C83D292CFF8300DDD8AE /* Sources */,
				4F39C83E292CFF8300DDD8AE /* Frameworks */,
				4F39C83F292CFF8300DDD8AE /* Resources */,
			);
			buildRules = (
			);
			dependencies = (
				4F39C843292CFF8300DDD8AE /* PBXTargetDependency */,
			);
			name = UXperienceTests;
			productName = UXperienceTests;
			productReference = 4F39C841292CFF8300DDD8AE /* UXperienceTests.xctest */;
			productType = "com.apple.product-type.bundle.unit-test";
		};
		4F39C84A292CFF8300DDD8AE /* UXperienceUITests */ = {
			isa = PBXNativeTarget;
			buildConfigurationList = 4F39C85B292CFF8300DDD8AE /* Build configuration list for PBXNativeTarget "UXperienceUITests" */;
			buildPhases = (
				4F39C847292CFF8300DDD8AE /* Sources */,
				4F39C848292CFF8300DDD8AE /* Frameworks */,
				4F39C849292CFF8300DDD8AE /* Resources */,
			);
			buildRules = (
			);
			dependencies = (
				4F39C84D292CFF8300DDD8AE /* PBXTargetDependency */,
			);
			name = UXperienceUITests;
			productName = UXperienceUITests;
			productReference = 4F39C84B292CFF8300DDD8AE /* UXperienceUITests.xctest */;
			productType = "com.apple.product-type.bundle.ui-testing";
		};
/* End PBXNativeTarget section */

/* Begin PBXProject section */
		4F39C820292CFF8200DDD8AE /* Project object */ = {
			isa = PBXProject;
			attributes = {
				BuildIndependentTargetsInParallel = 1;
				LastSwiftUpdateCheck = 1400;
				LastUpgradeCheck = 1400;
				TargetAttributes = {
					4F39C827292CFF8200DDD8AE = {
						CreatedOnToolsVersion = 14.0.1;
					};
					4F39C840292CFF8300DDD8AE = {
						CreatedOnToolsVersion = 14.0.1;
						TestTargetID = 4F39C827292CFF8200DDD8AE;
					};
					4F39C84A292CFF8300DDD8AE = {
						CreatedOnToolsVersion = 14.0.1;
						TestTargetID = 4F39C827292CFF8200DDD8AE;
					};
				};
			};
			buildConfigurationList = 4F39C823292CFF8200DDD8AE /* Build configuration list for PBXProject "UXperience" */;
			compatibilityVersion = "Xcode 14.0";
			developmentRegion = en;
			hasScannedForEncodings = 0;
			knownRegions = (
				en,
				Base,
			);
			mainGroup = 4F39C81F292CFF8200DDD8AE;
			productRefGroup = 4F39C829292CFF8200DDD8AE /* Products */;
			projectDirPath = "";
			projectRoot = "";
			targets = (
				4F39C827292CFF8200DDD8AE /* UXperience */,
				4F39C840292CFF8300DDD8AE /* UXperienceTests */,
				4F39C84A292CFF8300DDD8AE /* UXperienceUITests */,
			);
		};
/* End PBXProject section */

/* Begin PBXResourcesBuildPhase section */
		4F39C826292CFF8200DDD8AE /* Resources */ = {
			isa = PBXResourcesBuildPhase;
			buildActionMask = 2147483647;
			files = (
				4FBC364A292FA6AA007044F9 /* NewsCellTableViewCell.xib in Resources */,
				A16F66402934DF6F001D2796 /* laws.json in Resources */,
				4F39C83B292CFF8300DDD8AE /* LaunchScreen.storyboard in Resources */,
				D19DE0492930DF490090324B /* CardCollectionViewCell.xib in Resources */,
				4F7A21AC292E596200000F05 /* FilterCollectionViewCell.xib in Resources */,
				4F57837C2934DC6600F01DDA /* cardFlipSound.mp3 in Resources */,
				4F39C838292CFF8300DDD8AE /* Assets.xcassets in Resources */,
				4F39C833292CFF8200DDD8AE /* Main.storyboard in Resources */,
			);
			runOnlyForDeploymentPostprocessing = 0;
		};
		4F39C83F292CFF8300DDD8AE /* Resources */ = {
			isa = PBXResourcesBuildPhase;
			buildActionMask = 2147483647;
			files = (
			);
			runOnlyForDeploymentPostprocessing = 0;
		};
		4F39C849292CFF8300DDD8AE /* Resources */ = {
			isa = PBXResourcesBuildPhase;
			buildActionMask = 2147483647;
			files = (
			);
			runOnlyForDeploymentPostprocessing = 0;
		};
/* End PBXResourcesBuildPhase section */

/* Begin PBXSourcesBuildPhase section */
		4F39C824292CFF8200DDD8AE /* Sources */ = {
			isa = PBXSourcesBuildPhase;
			buildActionMask = 2147483647;
			files = (
				D12241D429378ED200A59DCC /* ReadJsonLaws.swift in Sources */,
				4FBC3644292F92FD007044F9 /* DetailViewController.swift in Sources */,
				4FBC3646292F932C007044F9 /* DetailView.swift in Sources */,
				A16F663E2934DEEA001D2796 /* LawsModel.swift in Sources */,
				4F7A21B4292E5D9500000F05 /* DetailViewModel.swift in Sources */,
				4F7A21A8292E53B400000F05 /* CardCollectionViewController.swift in Sources */,
				4F7A21A0292E3F2300000F05 /* FilterController.swift in Sources */,
				D19DE0482930DF490090324B /* CardCollectionViewCell.swift in Sources */,
				4F1325A9293E1388006E5800 /* CardCollectionViewDelegate.swift in Sources */,
				4FBC3649292FA6AA007044F9 /* NewsCellTableViewCell.swift in Sources */,
				4F39C830292CFF8200DDD8AE /* MainScreenViewController.swift in Sources */,
				4F39C82C292CFF8200DDD8AE /* AppDelegate.swift in Sources */,
				4F7DC7022930DF29005A8184 /* SwiftUIView.swift in Sources */,
				4F39C82E292CFF8200DDD8AE /* SceneDelegate.swift in Sources */,
				4F7A21AB292E596200000F05 /* FilterCollectionViewCell.swift in Sources */,
				4F1325AC293E13BD006E5800 /* DetailViewDelegate.swift in Sources */,
				4F39C836292CFF8200DDD8AE /* UXperience.xcdatamodeld in Sources */,
				496825FE293E3E4E0052EC3D /* FilterCollectionViewDelegate.swift in Sources */,
				4F7A21AE292E5B5600000F05 /* MainScreenViewController+ViewCode.swift in Sources */,
				4F7DC70429310BAF005A8184 /* SoundManager.swift in Sources */,
			);
			runOnlyForDeploymentPostprocessing = 0;
		};
		4F39C83D292CFF8300DDD8AE /* Sources */ = {
			isa = PBXSourcesBuildPhase;
			buildActionMask = 2147483647;
			files = (
				4F39C846292CFF8300DDD8AE /* UXperienceTests.swift in Sources */,
			);
			runOnlyForDeploymentPostprocessing = 0;
		};
		4F39C847292CFF8300DDD8AE /* Sources */ = {
			isa = PBXSourcesBuildPhase;
			buildActionMask = 2147483647;
			files = (
				4F39C852292CFF8300DDD8AE /* UXperienceUITestsLaunchTests.swift in Sources */,
				4F39C850292CFF8300DDD8AE /* UXperienceUITests.swift in Sources */,
			);
			runOnlyForDeploymentPostprocessing = 0;
		};
/* End PBXSourcesBuildPhase section */

/* Begin PBXTargetDependency section */
		4F39C843292CFF8300DDD8AE /* PBXTargetDependency */ = {
			isa = PBXTargetDependency;
			target = 4F39C827292CFF8200DDD8AE /* UXperience */;
			targetProxy = 4F39C842292CFF8300DDD8AE /* PBXContainerItemProxy */;
		};
		4F39C84D292CFF8300DDD8AE /* PBXTargetDependency */ = {
			isa = PBXTargetDependency;
			target = 4F39C827292CFF8200DDD8AE /* UXperience */;
			targetProxy = 4F39C84C292CFF8300DDD8AE /* PBXContainerItemProxy */;
		};
/* End PBXTargetDependency section */

/* Begin PBXVariantGroup section */
		4F39C831292CFF8200DDD8AE /* Main.storyboard */ = {
			isa = PBXVariantGroup;
			children = (
				4F39C832292CFF8200DDD8AE /* Base */,
			);
			name = Main.storyboard;
			sourceTree = "<group>";
		};
		4F39C839292CFF8300DDD8AE /* LaunchScreen.storyboard */ = {
			isa = PBXVariantGroup;
			children = (
				4F39C83A292CFF8300DDD8AE /* Base */,
			);
			name = LaunchScreen.storyboard;
			sourceTree = "<group>";
		};
/* End PBXVariantGroup section */

/* Begin XCBuildConfiguration section */
		4F39C853292CFF8300DDD8AE /* Debug */ = {
			isa = XCBuildConfiguration;
			buildSettings = {
				ALWAYS_SEARCH_USER_PATHS = NO;
				CLANG_ANALYZER_NONNULL = YES;
				CLANG_ANALYZER_NUMBER_OBJECT_CONVERSION = YES_AGGRESSIVE;
				CLANG_CXX_LANGUAGE_STANDARD = "gnu++20";
				CLANG_ENABLE_MODULES = YES;
				CLANG_ENABLE_OBJC_ARC = YES;
				CLANG_ENABLE_OBJC_WEAK = YES;
				CLANG_WARN_BLOCK_CAPTURE_AUTORELEASING = YES;
				CLANG_WARN_BOOL_CONVERSION = YES;
				CLANG_WARN_COMMA = YES;
				CLANG_WARN_CONSTANT_CONVERSION = YES;
				CLANG_WARN_DEPRECATED_OBJC_IMPLEMENTATIONS = YES;
				CLANG_WARN_DIRECT_OBJC_ISA_USAGE = YES_ERROR;
				CLANG_WARN_DOCUMENTATION_COMMENTS = YES;
				CLANG_WARN_EMPTY_BODY = YES;
				CLANG_WARN_ENUM_CONVERSION = YES;
				CLANG_WARN_INFINITE_RECURSION = YES;
				CLANG_WARN_INT_CONVERSION = YES;
				CLANG_WARN_NON_LITERAL_NULL_CONVERSION = YES;
				CLANG_WARN_OBJC_IMPLICIT_RETAIN_SELF = YES;
				CLANG_WARN_OBJC_LITERAL_CONVERSION = YES;
				CLANG_WARN_OBJC_ROOT_CLASS = YES_ERROR;
				CLANG_WARN_QUOTED_INCLUDE_IN_FRAMEWORK_HEADER = YES;
				CLANG_WARN_RANGE_LOOP_ANALYSIS = YES;
				CLANG_WARN_STRICT_PROTOTYPES = YES;
				CLANG_WARN_SUSPICIOUS_MOVE = YES;
				CLANG_WARN_UNGUARDED_AVAILABILITY = YES_AGGRESSIVE;
				CLANG_WARN_UNREACHABLE_CODE = YES;
				CLANG_WARN__DUPLICATE_METHOD_MATCH = YES;
				COPY_PHASE_STRIP = NO;
				DEBUG_INFORMATION_FORMAT = dwarf;
				ENABLE_STRICT_OBJC_MSGSEND = YES;
				ENABLE_TESTABILITY = YES;
				GCC_C_LANGUAGE_STANDARD = gnu11;
				GCC_DYNAMIC_NO_PIC = NO;
				GCC_NO_COMMON_BLOCKS = YES;
				GCC_OPTIMIZATION_LEVEL = 0;
				GCC_PREPROCESSOR_DEFINITIONS = (
					"DEBUG=1",
					"$(inherited)",
				);
				GCC_WARN_64_TO_32_BIT_CONVERSION = YES;
				GCC_WARN_ABOUT_RETURN_TYPE = YES_ERROR;
				GCC_WARN_UNDECLARED_SELECTOR = YES;
				GCC_WARN_UNINITIALIZED_AUTOS = YES_AGGRESSIVE;
				GCC_WARN_UNUSED_FUNCTION = YES;
				GCC_WARN_UNUSED_VARIABLE = YES;
				IPHONEOS_DEPLOYMENT_TARGET = 16.0;
				MTL_ENABLE_DEBUG_INFO = INCLUDE_SOURCE;
				MTL_FAST_MATH = YES;
				ONLY_ACTIVE_ARCH = YES;
				SDKROOT = iphoneos;
				SWIFT_ACTIVE_COMPILATION_CONDITIONS = DEBUG;
				SWIFT_OPTIMIZATION_LEVEL = "-Onone";
			};
			name = Debug;
		};
		4F39C854292CFF8300DDD8AE /* Release */ = {
			isa = XCBuildConfiguration;
			buildSettings = {
				ALWAYS_SEARCH_USER_PATHS = NO;
				CLANG_ANALYZER_NONNULL = YES;
				CLANG_ANALYZER_NUMBER_OBJECT_CONVERSION = YES_AGGRESSIVE;
				CLANG_CXX_LANGUAGE_STANDARD = "gnu++20";
				CLANG_ENABLE_MODULES = YES;
				CLANG_ENABLE_OBJC_ARC = YES;
				CLANG_ENABLE_OBJC_WEAK = YES;
				CLANG_WARN_BLOCK_CAPTURE_AUTORELEASING = YES;
				CLANG_WARN_BOOL_CONVERSION = YES;
				CLANG_WARN_COMMA = YES;
				CLANG_WARN_CONSTANT_CONVERSION = YES;
				CLANG_WARN_DEPRECATED_OBJC_IMPLEMENTATIONS = YES;
				CLANG_WARN_DIRECT_OBJC_ISA_USAGE = YES_ERROR;
				CLANG_WARN_DOCUMENTATION_COMMENTS = YES;
				CLANG_WARN_EMPTY_BODY = YES;
				CLANG_WARN_ENUM_CONVERSION = YES;
				CLANG_WARN_INFINITE_RECURSION = YES;
				CLANG_WARN_INT_CONVERSION = YES;
				CLANG_WARN_NON_LITERAL_NULL_CONVERSION = YES;
				CLANG_WARN_OBJC_IMPLICIT_RETAIN_SELF = YES;
				CLANG_WARN_OBJC_LITERAL_CONVERSION = YES;
				CLANG_WARN_OBJC_ROOT_CLASS = YES_ERROR;
				CLANG_WARN_QUOTED_INCLUDE_IN_FRAMEWORK_HEADER = YES;
				CLANG_WARN_RANGE_LOOP_ANALYSIS = YES;
				CLANG_WARN_STRICT_PROTOTYPES = YES;
				CLANG_WARN_SUSPICIOUS_MOVE = YES;
				CLANG_WARN_UNGUARDED_AVAILABILITY = YES_AGGRESSIVE;
				CLANG_WARN_UNREACHABLE_CODE = YES;
				CLANG_WARN__DUPLICATE_METHOD_MATCH = YES;
				COPY_PHASE_STRIP = NO;
				DEBUG_INFORMATION_FORMAT = "dwarf-with-dsym";
				ENABLE_NS_ASSERTIONS = NO;
				ENABLE_STRICT_OBJC_MSGSEND = YES;
				GCC_C_LANGUAGE_STANDARD = gnu11;
				GCC_NO_COMMON_BLOCKS = YES;
				GCC_WARN_64_TO_32_BIT_CONVERSION = YES;
				GCC_WARN_ABOUT_RETURN_TYPE = YES_ERROR;
				GCC_WARN_UNDECLARED_SELECTOR = YES;
				GCC_WARN_UNINITIALIZED_AUTOS = YES_AGGRESSIVE;
				GCC_WARN_UNUSED_FUNCTION = YES;
				GCC_WARN_UNUSED_VARIABLE = YES;
				IPHONEOS_DEPLOYMENT_TARGET = 16.0;
				MTL_ENABLE_DEBUG_INFO = NO;
				MTL_FAST_MATH = YES;
				SDKROOT = iphoneos;
				SWIFT_COMPILATION_MODE = wholemodule;
				SWIFT_OPTIMIZATION_LEVEL = "-O";
				VALIDATE_PRODUCT = YES;
			};
			name = Release;
		};
		4F39C856292CFF8300DDD8AE /* Debug */ = {
			isa = XCBuildConfiguration;
			buildSettings = {
				ASSETCATALOG_COMPILER_APPICON_NAME = AppIcon;
				ASSETCATALOG_COMPILER_GLOBAL_ACCENT_COLOR_NAME = AccentColor;
				CODE_SIGN_STYLE = Automatic;
				CURRENT_PROJECT_VERSION = 6;
				DEVELOPMENT_TEAM = PPSYB39C6H;
				GENERATE_INFOPLIST_FILE = YES;
				INFOPLIST_FILE = UXperience/Info.plist;
				INFOPLIST_KEY_UIApplicationSupportsIndirectInputEvents = YES;
				INFOPLIST_KEY_UILaunchStoryboardName = LaunchScreen;
				INFOPLIST_KEY_UIMainStoryboardFile = Main;
				INFOPLIST_KEY_UIStatusBarStyle = UIStatusBarStyleDarkContent;
				INFOPLIST_KEY_UISupportedInterfaceOrientations = UIInterfaceOrientationPortrait;
				INFOPLIST_KEY_UIUserInterfaceStyle = Dark;
				LD_RUNPATH_SEARCH_PATHS = (
					"$(inherited)",
					"@executable_path/Frameworks",
				);
				MARKETING_VERSION = 1.0;
				PRODUCT_BUNDLE_IDENTIFIER = progamming.UXperience;
				PRODUCT_NAME = "$(TARGET_NAME)";
				SUPPORTED_PLATFORMS = "iphoneos iphonesimulator";
				SUPPORTS_MACCATALYST = NO;
				SUPPORTS_MAC_DESIGNED_FOR_IPHONE_IPAD = NO;
				SWIFT_EMIT_LOC_STRINGS = YES;
				SWIFT_VERSION = 5.0;
				TARGETED_DEVICE_FAMILY = 1;
			};
			name = Debug;
		};
		4F39C857292CFF8300DDD8AE /* Release */ = {
			isa = XCBuildConfiguration;
			buildSettings = {
				ASSETCATALOG_COMPILER_APPICON_NAME = AppIcon;
				ASSETCATALOG_COMPILER_GLOBAL_ACCENT_COLOR_NAME = AccentColor;
				CODE_SIGN_STYLE = Automatic;
				CURRENT_PROJECT_VERSION = 6;
				DEVELOPMENT_TEAM = PPSYB39C6H;
				GENERATE_INFOPLIST_FILE = YES;
				INFOPLIST_FILE = UXperience/Info.plist;
				INFOPLIST_KEY_UIApplicationSupportsIndirectInputEvents = YES;
				INFOPLIST_KEY_UILaunchStoryboardName = LaunchScreen;
				INFOPLIST_KEY_UIMainStoryboardFile = Main;
				INFOPLIST_KEY_UIStatusBarStyle = UIStatusBarStyleDarkContent;
				INFOPLIST_KEY_UISupportedInterfaceOrientations = UIInterfaceOrientationPortrait;
				INFOPLIST_KEY_UIUserInterfaceStyle = Dark;
				LD_RUNPATH_SEARCH_PATHS = (
					"$(inherited)",
					"@executable_path/Frameworks",
				);
				MARKETING_VERSION = 1.0;
				PRODUCT_BUNDLE_IDENTIFIER = progamming.UXperience;
				PRODUCT_NAME = "$(TARGET_NAME)";
				SUPPORTED_PLATFORMS = "iphoneos iphonesimulator";
				SUPPORTS_MACCATALYST = NO;
				SUPPORTS_MAC_DESIGNED_FOR_IPHONE_IPAD = NO;
				SWIFT_EMIT_LOC_STRINGS = YES;
				SWIFT_VERSION = 5.0;
				TARGETED_DEVICE_FAMILY = 1;
			};
			name = Release;
		};
		4F39C859292CFF8300DDD8AE /* Debug */ = {
			isa = XCBuildConfiguration;
			buildSettings = {
				ALWAYS_EMBED_SWIFT_STANDARD_LIBRARIES = YES;
				BUNDLE_LOADER = "$(TEST_HOST)";
				CODE_SIGN_STYLE = Automatic;
				CURRENT_PROJECT_VERSION = 1;
				DEVELOPMENT_TEAM = PPSYB39C6H;
				GENERATE_INFOPLIST_FILE = YES;
				IPHONEOS_DEPLOYMENT_TARGET = 16.0;
				MARKETING_VERSION = 1.0;
				PRODUCT_BUNDLE_IDENTIFIER = progamming.UXperienceTests;
				PRODUCT_NAME = "$(TARGET_NAME)";
				SWIFT_EMIT_LOC_STRINGS = NO;
				SWIFT_VERSION = 5.0;
				TARGETED_DEVICE_FAMILY = "1,2";
				TEST_HOST = "$(BUILT_PRODUCTS_DIR)/UXperience.app/$(BUNDLE_EXECUTABLE_FOLDER_PATH)/UXperience";
			};
			name = Debug;
		};
		4F39C85A292CFF8300DDD8AE /* Release */ = {
			isa = XCBuildConfiguration;
			buildSettings = {
				ALWAYS_EMBED_SWIFT_STANDARD_LIBRARIES = YES;
				BUNDLE_LOADER = "$(TEST_HOST)";
				CODE_SIGN_STYLE = Automatic;
				CURRENT_PROJECT_VERSION = 1;
				DEVELOPMENT_TEAM = PPSYB39C6H;
				GENERATE_INFOPLIST_FILE = YES;
				IPHONEOS_DEPLOYMENT_TARGET = 16.0;
				MARKETING_VERSION = 1.0;
				PRODUCT_BUNDLE_IDENTIFIER = progamming.UXperienceTests;
				PRODUCT_NAME = "$(TARGET_NAME)";
				SWIFT_EMIT_LOC_STRINGS = NO;
				SWIFT_VERSION = 5.0;
				TARGETED_DEVICE_FAMILY = "1,2";
				TEST_HOST = "$(BUILT_PRODUCTS_DIR)/UXperience.app/$(BUNDLE_EXECUTABLE_FOLDER_PATH)/UXperience";
			};
			name = Release;
		};
		4F39C85C292CFF8300DDD8AE /* Debug */ = {
			isa = XCBuildConfiguration;
			buildSettings = {
				ALWAYS_EMBED_SWIFT_STANDARD_LIBRARIES = YES;
				CODE_SIGN_STYLE = Automatic;
				CURRENT_PROJECT_VERSION = 1;
				DEVELOPMENT_TEAM = PPSYB39C6H;
				GENERATE_INFOPLIST_FILE = YES;
				MARKETING_VERSION = 1.0;
				PRODUCT_BUNDLE_IDENTIFIER = progamming.UXperienceUITests;
				PRODUCT_NAME = "$(TARGET_NAME)";
				SWIFT_EMIT_LOC_STRINGS = NO;
				SWIFT_VERSION = 5.0;
				TARGETED_DEVICE_FAMILY = "1,2";
				TEST_TARGET_NAME = UXperience;
			};
			name = Debug;
		};
		4F39C85D292CFF8300DDD8AE /* Release */ = {
			isa = XCBuildConfiguration;
			buildSettings = {
				ALWAYS_EMBED_SWIFT_STANDARD_LIBRARIES = YES;
				CODE_SIGN_STYLE = Automatic;
				CURRENT_PROJECT_VERSION = 1;
				DEVELOPMENT_TEAM = PPSYB39C6H;
				GENERATE_INFOPLIST_FILE = YES;
				MARKETING_VERSION = 1.0;
				PRODUCT_BUNDLE_IDENTIFIER = progamming.UXperienceUITests;
				PRODUCT_NAME = "$(TARGET_NAME)";
				SWIFT_EMIT_LOC_STRINGS = NO;
				SWIFT_VERSION = 5.0;
				TARGETED_DEVICE_FAMILY = "1,2";
				TEST_TARGET_NAME = UXperience;
			};
			name = Release;
		};
/* End XCBuildConfiguration section */

/* Begin XCConfigurationList section */
		4F39C823292CFF8200DDD8AE /* Build configuration list for PBXProject "UXperience" */ = {
			isa = XCConfigurationList;
			buildConfigurations = (
				4F39C853292CFF8300DDD8AE /* Debug */,
				4F39C854292CFF8300DDD8AE /* Release */,
			);
			defaultConfigurationIsVisible = 0;
			defaultConfigurationName = Release;
		};
		4F39C855292CFF8300DDD8AE /* Build configuration list for PBXNativeTarget "UXperience" */ = {
			isa = XCConfigurationList;
			buildConfigurations = (
				4F39C856292CFF8300DDD8AE /* Debug */,
				4F39C857292CFF8300DDD8AE /* Release */,
			);
			defaultConfigurationIsVisible = 0;
			defaultConfigurationName = Release;
		};
		4F39C858292CFF8300DDD8AE /* Build configuration list for PBXNativeTarget "UXperienceTests" */ = {
			isa = XCConfigurationList;
			buildConfigurations = (
				4F39C859292CFF8300DDD8AE /* Debug */,
				4F39C85A292CFF8300DDD8AE /* Release */,
			);
			defaultConfigurationIsVisible = 0;
			defaultConfigurationName = Release;
		};
		4F39C85B292CFF8300DDD8AE /* Build configuration list for PBXNativeTarget "UXperienceUITests" */ = {
			isa = XCConfigurationList;
			buildConfigurations = (
				4F39C85C292CFF8300DDD8AE /* Debug */,
				4F39C85D292CFF8300DDD8AE /* Release */,
			);
			defaultConfigurationIsVisible = 0;
			defaultConfigurationName = Release;
		};
/* End XCConfigurationList section */

/* Begin XCVersionGroup section */
		4F39C834292CFF8200DDD8AE /* UXperience.xcdatamodeld */ = {
			isa = XCVersionGroup;
			children = (
				4F39C835292CFF8200DDD8AE /* UXperience.xcdatamodel */,
			);
			currentVersion = 4F39C835292CFF8200DDD8AE /* UXperience.xcdatamodel */;
			path = UXperience.xcdatamodeld;
			sourceTree = "<group>";
			versionGroupType = wrapper.xcdatamodel;
		};
/* End XCVersionGroup section */
	};
	rootObject = 4F39C820292CFF8200DDD8AE /* Project object */;
}
